
Microsoft Visual Studio Solution File, Format Version 12.00
# Visual Studio Version 16
VisualStudioVersion = 16.0.29215.179
MinimumVisualStudioVersion = 10.0.40219.1
Project("{8BC9CEB8-8B4A-11D0-8D11-00A0C91BC942}") = "20191105_허프만코딩", "20191105_허프만코딩\20191105_허프만코딩.vcxproj", "{39E9D42A-962C-4523-A6C5-0FDE023A263B}"
EndProject
Global
	GlobalSection(SolutionConfigurationPlatforms) = preSolution
		Debug|x64 = Debug|x64
		Debug|x86 = Debug|x86
		Release|x64 = Release|x64
		Release|x86 = Release|x86
	EndGlobalSection
	GlobalSection(ProjectConfigurationPlatforms) = postSolution
		{39E9D42A-962C-4523-A6C5-0FDE023A263B}.Debug|x64.ActiveCfg = Debug|x64
		{39E9D42A-962C-4523-A6C5-0FDE023A263B}.Debug|x64.Build.0 = Debug|x64
		{39E9D42A-962C-4523-A6C5-0FDE023A263B}.Debug|x86.ActiveCfg = Debug|Win32
		{39E9D42A-962C-4523-A6C5-0FDE023A263B}.Debug|x86.Build.0 = Debug|Win32
		{39E9D42A-962C-4523-A6C5-0FDE023A263B}.Release|x64.ActiveCfg = Release|x64
		{39E9D42A-962C-4523-A6C5-0FDE023A263B}.Release|x64.Build.0 = Release|x64
		{39E9D42A-962C-4523-A6C5-0FDE023A263B}.Release|x86.ActiveCfg = Release|Win32
		{39E9D42A-962C-4523-A6C5-0FDE023A263B}.Release|x86.Build.0 = Release|Win32
	EndGlobalSection
	GlobalSection(SolutionProperties) = preSolution
		HideSolutionNode = FALSE
	EndGlobalSection
	GlobalSection(ExtensibilityGlobals) = postSolution
		SolutionGuid = {A7CB6896-3E14-46D5-90F3-DF9A7C0687F5}
	EndGlobalSection
EndGlobal
