
Microsoft Visual Studio Solution File, Format Version 12.00
# Visual Studio Version 16
VisualStudioVersion = 16.0.29215.179
MinimumVisualStudioVersion = 10.0.40219.1
Project("{8BC9CEB8-8B4A-11D0-8D11-00A0C91BC942}") = "20191119_알고리즘강의", "20191119_알고리즘강의\20191119_알고리즘강의.vcxproj", "{FF9A4FDB-DA4A-4452-9822-AA23D201FBAE}"
EndProject
Global
	GlobalSection(SolutionConfigurationPlatforms) = preSolution
		Debug|x64 = Debug|x64
		Debug|x86 = Debug|x86
		Release|x64 = Release|x64
		Release|x86 = Release|x86
	EndGlobalSection
	GlobalSection(ProjectConfigurationPlatforms) = postSolution
		{FF9A4FDB-DA4A-4452-9822-AA23D201FBAE}.Debug|x64.ActiveCfg = Debug|x64
		{FF9A4FDB-DA4A-4452-9822-AA23D201FBAE}.Debug|x64.Build.0 = Debug|x64
		{FF9A4FDB-DA4A-4452-9822-AA23D201FBAE}.Debug|x86.ActiveCfg = Debug|Win32
		{FF9A4FDB-DA4A-4452-9822-AA23D201FBAE}.Debug|x86.Build.0 = Debug|Win32
		{FF9A4FDB-DA4A-4452-9822-AA23D201FBAE}.Release|x64.ActiveCfg = Release|x64
		{FF9A4FDB-DA4A-4452-9822-AA23D201FBAE}.Release|x64.Build.0 = Release|x64
		{FF9A4FDB-DA4A-4452-9822-AA23D201FBAE}.Release|x86.ActiveCfg = Release|Win32
		{FF9A4FDB-DA4A-4452-9822-AA23D201FBAE}.Release|x86.Build.0 = Release|Win32
	EndGlobalSection
	GlobalSection(SolutionProperties) = preSolution
		HideSolutionNode = FALSE
	EndGlobalSection
	GlobalSection(ExtensibilityGlobals) = postSolution
		SolutionGuid = {DCAC6771-6A53-4756-815D-7539F3D1DBA0}
	EndGlobalSection
EndGlobal
